// !$*UTF8*$!
{
	archiveVersion = 1;
	classes = {
	};
	objectVersion = 55;
	objects = {

/* Begin PBXBuildFile section */
		530B4C2E2851682800CC5C0F /* ToastMessage.swift in Sources */ = {isa = PBXBuildFile; fileRef = 530B4C2D2851682800CC5C0F /* ToastMessage.swift */; };
		53179CF62852A8BB0073D475 /* AlertView.swift in Sources */ = {isa = PBXBuildFile; fileRef = 53179CF52852A8BA0073D475 /* AlertView.swift */; };
		532512022855550D00FC31C4 /* FavoriteButton.swift in Sources */ = {isa = PBXBuildFile; fileRef = 532512012855550D00FC31C4 /* FavoriteButton.swift */; };
		5325120428555F6C00FC31C4 /* NoItemsView.swift in Sources */ = {isa = PBXBuildFile; fileRef = 5325120328555F6C00FC31C4 /* NoItemsView.swift */; };
		532512062856728B00FC31C4 /* ProgressView.swift in Sources */ = {isa = PBXBuildFile; fileRef = 532512052856728B00FC31C4 /* ProgressView.swift */; };
		532512082856810E00FC31C4 /* RewardItem.swift in Sources */ = {isa = PBXBuildFile; fileRef = 532512072856810E00FC31C4 /* RewardItem.swift */; };
		536EA4C528457A5400C78F1D /* CategoryItem.swift in Sources */ = {isa = PBXBuildFile; fileRef = 536EA4C228457A5400C78F1D /* CategoryItem.swift */; };
		536EA4C628457A5400C78F1D /* Home.swift in Sources */ = {isa = PBXBuildFile; fileRef = 536EA4C328457A5400C78F1D /* Home.swift */; };
		536EA4C728457A5400C78F1D /* CategoryRow.swift in Sources */ = {isa = PBXBuildFile; fileRef = 536EA4C428457A5400C78F1D /* CategoryRow.swift */; };
		536EA4CB28457AA000C78F1D /* pizzaData.json in Resources */ = {isa = PBXBuildFile; fileRef = 536EA4C828457AA000C78F1D /* pizzaData.json */; };
		536EA4CC28457AA000C78F1D /* Pizza.swift in Sources */ = {isa = PBXBuildFile; fileRef = 536EA4C928457AA000C78F1D /* Pizza.swift */; };
		536EA4CD28457AA000C78F1D /* ModelData.swift in Sources */ = {isa = PBXBuildFile; fileRef = 536EA4CA28457AA000C78F1D /* ModelData.swift */; };
		53917101283EE07700413E74 /* TabViewRouter.swift in Sources */ = {isa = PBXBuildFile; fileRef = 53917100283EE07700413E74 /* TabViewRouter.swift */; };
		53917106283EFF2A00413E74 /* TabViewForIntro.swift in Sources */ = {isa = PBXBuildFile; fileRef = 53917105283EFF2A00413E74 /* TabViewForIntro.swift */; };
		53CDB8132839A1BB000E817B /* PizzeriaApp.swift in Sources */ = {isa = PBXBuildFile; fileRef = 53CDB8122839A1BB000E817B /* PizzeriaApp.swift */; };
		53CDB8172839A1D1000E817B /* Assets.xcassets in Resources */ = {isa = PBXBuildFile; fileRef = 53CDB8162839A1D1000E817B /* Assets.xcassets */; };
		53CDB81A2839A1D1000E817B /* Preview Assets.xcassets in Resources */ = {isa = PBXBuildFile; fileRef = 53CDB8192839A1D1000E817B /* Preview Assets.xcassets */; };
		53CDB81C2839A1D1000E817B /* Persistence.swift in Sources */ = {isa = PBXBuildFile; fileRef = 53CDB81B2839A1D1000E817B /* Persistence.swift */; };
		53CDB81F2839A1D1000E817B /* Pizzeria.xcdatamodeld in Sources */ = {isa = PBXBuildFile; fileRef = 53CDB81D2839A1D1000E817B /* Pizzeria.xcdatamodeld */; };
		53CDB8262839A353000E817B /* Login.swift in Sources */ = {isa = PBXBuildFile; fileRef = 53CDB8252839A353000E817B /* Login.swift */; };
		53CDB82A283AC54D000E817B /* MainView.swift in Sources */ = {isa = PBXBuildFile; fileRef = 53CDB829283AC54D000E817B /* MainView.swift */; };
		53CDB82C283AC5B7000E817B /* Helpers.swift in Sources */ = {isa = PBXBuildFile; fileRef = 53CDB82B283AC5B7000E817B /* Helpers.swift */; };
		53CDB82E283AC7B6000E817B /* ViewRouter.swift in Sources */ = {isa = PBXBuildFile; fileRef = 53CDB82D283AC7B6000E817B /* ViewRouter.swift */; };
		53CDB831283ADC52000E817B /* Order+CoreDataClass.swift in Sources */ = {isa = PBXBuildFile; fileRef = 53CDB82F283ADC52000E817B /* Order+CoreDataClass.swift */; };
		53CDB832283ADC52000E817B /* Order+CoreDataProperties.swift in Sources */ = {isa = PBXBuildFile; fileRef = 53CDB830283ADC52000E817B /* Order+CoreDataProperties.swift */; };
		53CDB838283B130D000E817B /* OrderView.swift in Sources */ = {isa = PBXBuildFile; fileRef = 53CDB837283B130D000E817B /* OrderView.swift */; };
		53CDB83A283B1372000E817B /* DetailView.swift in Sources */ = {isa = PBXBuildFile; fileRef = 53CDB839283B1372000E817B /* DetailView.swift */; };
		53CDB83C283B312C000E817B /* AccountSheet.swift in Sources */ = {isa = PBXBuildFile; fileRef = 53CDB83B283B312C000E817B /* AccountSheet.swift */; };
		53CDB83E283C4F75000E817B /* RewardsView.swift in Sources */ = {isa = PBXBuildFile; fileRef = 53CDB83D283C4F75000E817B /* RewardsView.swift */; };
		53CDB840283C4F8F000E817B /* FavoritesView.swift in Sources */ = {isa = PBXBuildFile; fileRef = 53CDB83F283C4F8F000E817B /* FavoritesView.swift */; };
		53CDB842283C50A2000E817B /* MenuView.swift in Sources */ = {isa = PBXBuildFile; fileRef = 53CDB841283C50A2000E817B /* MenuView.swift */; };
/* End PBXBuildFile section */

/* Begin PBXFileReference section */
		530B4C2928515C9200CC5C0F /* MapKit.framework */ = {isa = PBXFileReference; lastKnownFileType = wrapper.framework; name = MapKit.framework; path = System/Library/Frameworks/MapKit.framework; sourceTree = SDKROOT; };
		530B4C2D2851682800CC5C0F /* ToastMessage.swift */ = {isa = PBXFileReference; lastKnownFileType = sourcecode.swift; path = ToastMessage.swift; sourceTree = "<group>"; };
		53179CF52852A8BA0073D475 /* AlertView.swift */ = {isa = PBXFileReference; lastKnownFileType = sourcecode.swift; path = AlertView.swift; sourceTree = "<group>"; };
		532512012855550D00FC31C4 /* FavoriteButton.swift */ = {isa = PBXFileReference; lastKnownFileType = sourcecode.swift; path = FavoriteButton.swift; sourceTree = "<group>"; };
		5325120328555F6C00FC31C4 /* NoItemsView.swift */ = {isa = PBXFileReference; lastKnownFileType = sourcecode.swift; path = NoItemsView.swift; sourceTree = "<group>"; };
		532512052856728B00FC31C4 /* ProgressView.swift */ = {isa = PBXFileReference; lastKnownFileType = sourcecode.swift; path = ProgressView.swift; sourceTree = "<group>"; };
		532512072856810E00FC31C4 /* RewardItem.swift */ = {isa = PBXFileReference; lastKnownFileType = sourcecode.swift; path = RewardItem.swift; sourceTree = "<group>"; };
		536EA4C228457A5400C78F1D /* CategoryItem.swift */ = {isa = PBXFileReference; fileEncoding = 4; lastKnownFileType = sourcecode.swift; path = CategoryItem.swift; sourceTree = "<group>"; };
		536EA4C328457A5400C78F1D /* Home.swift */ = {isa = PBXFileReference; fileEncoding = 4; lastKnownFileType = sourcecode.swift; path = Home.swift; sourceTree = "<group>"; };
		536EA4C428457A5400C78F1D /* CategoryRow.swift */ = {isa = PBXFileReference; fileEncoding = 4; lastKnownFileType = sourcecode.swift; path = CategoryRow.swift; sourceTree = "<group>"; };
		536EA4C828457AA000C78F1D /* pizzaData.json */ = {isa = PBXFileReference; fileEncoding = 4; lastKnownFileType = text.json; path = pizzaData.json; sourceTree = "<group>"; };
		536EA4C928457AA000C78F1D /* Pizza.swift */ = {isa = PBXFileReference; fileEncoding = 4; lastKnownFileType = sourcecode.swift; path = Pizza.swift; sourceTree = "<group>"; };
		536EA4CA28457AA000C78F1D /* ModelData.swift */ = {isa = PBXFileReference; fileEncoding = 4; lastKnownFileType = sourcecode.swift; path = ModelData.swift; sourceTree = "<group>"; };
		53917100283EE07700413E74 /* TabViewRouter.swift */ = {isa = PBXFileReference; lastKnownFileType = sourcecode.swift; path = TabViewRouter.swift; sourceTree = "<group>"; };
		53917105283EFF2A00413E74 /* TabViewForIntro.swift */ = {isa = PBXFileReference; lastKnownFileType = sourcecode.swift; path = TabViewForIntro.swift; sourceTree = "<group>"; };
		53AD9406284D744600C47C8B /* Info.plist */ = {isa = PBXFileReference; lastKnownFileType = text.plist; path = Info.plist; sourceTree = "<group>"; };
		53CDB80F2839A1BB000E817B /* Pizzeria.app */ = {isa = PBXFileReference; explicitFileType = wrapper.application; includeInIndex = 0; path = Pizzeria.app; sourceTree = BUILT_PRODUCTS_DIR; };
		53CDB8122839A1BB000E817B /* PizzeriaApp.swift */ = {isa = PBXFileReference; lastKnownFileType = sourcecode.swift; path = PizzeriaApp.swift; sourceTree = "<group>"; };
		53CDB8162839A1D1000E817B /* Assets.xcassets */ = {isa = PBXFileReference; lastKnownFileType = folder.assetcatalog; path = Assets.xcassets; sourceTree = "<group>"; };
		53CDB8192839A1D1000E817B /* Preview Assets.xcassets */ = {isa = PBXFileReference; lastKnownFileType = folder.assetcatalog; path = "Preview Assets.xcassets"; sourceTree = "<group>"; };
		53CDB81B2839A1D1000E817B /* Persistence.swift */ = {isa = PBXFileReference; lastKnownFileType = sourcecode.swift; path = Persistence.swift; sourceTree = "<group>"; };
		53CDB81E2839A1D1000E817B /* Pizzeria.xcdatamodel */ = {isa = PBXFileReference; lastKnownFileType = wrapper.xcdatamodel; path = Pizzeria.xcdatamodel; sourceTree = "<group>"; };
		53CDB8252839A353000E817B /* Login.swift */ = {isa = PBXFileReference; lastKnownFileType = sourcecode.swift; path = Login.swift; sourceTree = "<group>"; };
		53CDB829283AC54D000E817B /* MainView.swift */ = {isa = PBXFileReference; lastKnownFileType = sourcecode.swift; path = MainView.swift; sourceTree = "<group>"; };
		53CDB82B283AC5B7000E817B /* Helpers.swift */ = {isa = PBXFileReference; lastKnownFileType = sourcecode.swift; path = Helpers.swift; sourceTree = "<group>"; };
		53CDB82D283AC7B6000E817B /* ViewRouter.swift */ = {isa = PBXFileReference; lastKnownFileType = sourcecode.swift; path = ViewRouter.swift; sourceTree = "<group>"; };
		53CDB82F283ADC52000E817B /* Order+CoreDataClass.swift */ = {isa = PBXFileReference; lastKnownFileType = sourcecode.swift; path = "Order+CoreDataClass.swift"; sourceTree = "<group>"; };
		53CDB830283ADC52000E817B /* Order+CoreDataProperties.swift */ = {isa = PBXFileReference; lastKnownFileType = sourcecode.swift; path = "Order+CoreDataProperties.swift"; sourceTree = "<group>"; };
		53CDB837283B130D000E817B /* OrderView.swift */ = {isa = PBXFileReference; lastKnownFileType = sourcecode.swift; path = OrderView.swift; sourceTree = "<group>"; };
		53CDB839283B1372000E817B /* DetailView.swift */ = {isa = PBXFileReference; lastKnownFileType = sourcecode.swift; path = DetailView.swift; sourceTree = "<group>"; };
		53CDB83B283B312C000E817B /* AccountSheet.swift */ = {isa = PBXFileReference; lastKnownFileType = sourcecode.swift; path = AccountSheet.swift; sourceTree = "<group>"; };
		53CDB83D283C4F75000E817B /* RewardsView.swift */ = {isa = PBXFileReference; lastKnownFileType = sourcecode.swift; path = RewardsView.swift; sourceTree = "<group>"; };
		53CDB83F283C4F8F000E817B /* FavoritesView.swift */ = {isa = PBXFileReference; lastKnownFileType = sourcecode.swift; path = FavoritesView.swift; sourceTree = "<group>"; };
		53CDB841283C50A2000E817B /* MenuView.swift */ = {isa = PBXFileReference; lastKnownFileType = sourcecode.swift; path = MenuView.swift; sourceTree = "<group>"; };
/* End PBXFileReference section */

/* Begin PBXFrameworksBuildPhase section */
		53CDB80C2839A1BB000E817B /* Frameworks */ = {
			isa = PBXFrameworksBuildPhase;
			buildActionMask = 2147483647;
			files = (
			);
			runOnlyForDeploymentPostprocessing = 0;
		};
/* End PBXFrameworksBuildPhase section */

/* Begin PBXGroup section */
		530B4C2828515C9200CC5C0F /* Frameworks */ = {
			isa = PBXGroup;
			children = (
				530B4C2928515C9200CC5C0F /* MapKit.framework */,
			);
			name = Frameworks;
			sourceTree = "<group>";
		};
		53421EB828498193004A2AA5 /* Models */ = {
			isa = PBXGroup;
			children = (
				536EA4C928457AA000C78F1D /* Pizza.swift */,
				536EA4CA28457AA000C78F1D /* ModelData.swift */,
				536EA4C828457AA000C78F1D /* pizzaData.json */,
				53CDB82B283AC5B7000E817B /* Helpers.swift */,
			);
			path = Models;
			sourceTree = "<group>";
		};
		53641DDC284D178D005A92D6 /* ViewModels */ = {
			isa = PBXGroup;
			children = (
				53CDB82D283AC7B6000E817B /* ViewRouter.swift */,
				53CDB829283AC54D000E817B /* MainView.swift */,
				53917100283EE07700413E74 /* TabViewRouter.swift */,
			);
			path = ViewModels;
			sourceTree = "<group>";
		};
		53641DDD284D17A4005A92D6 /* Others */ = {
			isa = PBXGroup;
			children = (
				53CDB8252839A353000E817B /* Login.swift */,
				53CDB839283B1372000E817B /* DetailView.swift */,
				53CDB83B283B312C000E817B /* AccountSheet.swift */,
				53917105283EFF2A00413E74 /* TabViewForIntro.swift */,
				530B4C2D2851682800CC5C0F /* ToastMessage.swift */,
				53179CF52852A8BA0073D475 /* AlertView.swift */,
				532512012855550D00FC31C4 /* FavoriteButton.swift */,
				5325120328555F6C00FC31C4 /* NoItemsView.swift */,
				532512052856728B00FC31C4 /* ProgressView.swift */,
				532512072856810E00FC31C4 /* RewardItem.swift */,
			);
			path = Others;
			sourceTree = "<group>";
		};
		536EA4C128457A5400C78F1D /* Categories */ = {
			isa = PBXGroup;
			children = (
				536EA4C228457A5400C78F1D /* CategoryItem.swift */,
				536EA4C428457A5400C78F1D /* CategoryRow.swift */,
			);
			path = Categories;
			sourceTree = "<group>";
		};
		53917104283EEB1C00413E74 /* TabViews */ = {
			isa = PBXGroup;
			children = (
				536EA4C328457A5400C78F1D /* Home.swift */,
				53CDB83D283C4F75000E817B /* RewardsView.swift */,
				53CDB841283C50A2000E817B /* MenuView.swift */,
				53CDB83F283C4F8F000E817B /* FavoritesView.swift */,
				53CDB837283B130D000E817B /* OrderView.swift */,
			);
			path = TabViews;
			sourceTree = "<group>";
		};
		53CDB8062839A1BA000E817B = {
			isa = PBXGroup;
			children = (
				53CDB8112839A1BB000E817B /* Pizzeria */,
				53CDB8102839A1BB000E817B /* Products */,
				530B4C2828515C9200CC5C0F /* Frameworks */,
			);
			sourceTree = "<group>";
		};
		53CDB8102839A1BB000E817B /* Products */ = {
			isa = PBXGroup;
			children = (
				53CDB80F2839A1BB000E817B /* Pizzeria.app */,
			);
			name = Products;
			sourceTree = "<group>";
		};
		53CDB8112839A1BB000E817B /* Pizzeria */ = {
			isa = PBXGroup;
			children = (
				53AD9406284D744600C47C8B /* Info.plist */,
				53CDB8122839A1BB000E817B /* PizzeriaApp.swift */,
				53421EB828498193004A2AA5 /* Models */,
				53CDB835283AE307000E817B /* Views */,
				53CDB8162839A1D1000E817B /* Assets.xcassets */,
				53CDB836283AE324000E817B /* Core Data */,
				53CDB8182839A1D1000E817B /* Preview Content */,
			);
			path = Pizzeria;
			sourceTree = "<group>";
		};
		53CDB8182839A1D1000E817B /* Preview Content */ = {
			isa = PBXGroup;
			children = (
				53CDB8192839A1D1000E817B /* Preview Assets.xcassets */,
			);
			path = "Preview Content";
			sourceTree = "<group>";
		};
		53CDB835283AE307000E817B /* Views */ = {
			isa = PBXGroup;
			children = (
				53641DDC284D178D005A92D6 /* ViewModels */,
				536EA4C128457A5400C78F1D /* Categories */,
				53917104283EEB1C00413E74 /* TabViews */,
				53641DDD284D17A4005A92D6 /* Others */,
			);
			path = Views;
			sourceTree = "<group>";
		};
		53CDB836283AE324000E817B /* Core Data */ = {
			isa = PBXGroup;
			children = (
				53CDB81B2839A1D1000E817B /* Persistence.swift */,
				53CDB81D2839A1D1000E817B /* Pizzeria.xcdatamodeld */,
				53CDB82F283ADC52000E817B /* Order+CoreDataClass.swift */,
				53CDB830283ADC52000E817B /* Order+CoreDataProperties.swift */,
			);
			path = "Core Data";
			sourceTree = "<group>";
		};
/* End PBXGroup section */

/* Begin PBXNativeTarget section */
		53CDB80E2839A1BB000E817B /* Pizzeria */ = {
			isa = PBXNativeTarget;
			buildConfigurationList = 53CDB8222839A1D1000E817B /* Build configuration list for PBXNativeTarget "Pizzeria" */;
			buildPhases = (
				53CDB80B2839A1BB000E817B /* Sources */,
				53CDB80C2839A1BB000E817B /* Frameworks */,
				53CDB80D2839A1BB000E817B /* Resources */,
			);
			buildRules = (
			);
			dependencies = (
			);
			name = Pizzeria;
			productName = Pizzeria;
			productReference = 53CDB80F2839A1BB000E817B /* Pizzeria.app */;
			productType = "com.apple.product-type.application";
		};
/* End PBXNativeTarget section */

/* Begin PBXProject section */
		53CDB8072839A1BA000E817B /* Project object */ = {
			isa = PBXProject;
			attributes = {
				BuildIndependentTargetsInParallel = 1;
				LastSwiftUpdateCheck = 1340;
				LastUpgradeCheck = 1340;
				TargetAttributes = {
					53CDB80E2839A1BB000E817B = {
						CreatedOnToolsVersion = 13.4;
					};
				};
			};
			buildConfigurationList = 53CDB80A2839A1BA000E817B /* Build configuration list for PBXProject "Pizzeria" */;
			compatibilityVersion = "Xcode 13.0";
			developmentRegion = en;
			hasScannedForEncodings = 0;
			knownRegions = (
				en,
				Base,
			);
			mainGroup = 53CDB8062839A1BA000E817B;
			productRefGroup = 53CDB8102839A1BB000E817B /* Products */;
			projectDirPath = "";
			projectRoot = "";
			targets = (
				53CDB80E2839A1BB000E817B /* Pizzeria */,
			);
		};
/* End PBXProject section */

/* Begin PBXResourcesBuildPhase section */
		53CDB80D2839A1BB000E817B /* Resources */ = {
			isa = PBXResourcesBuildPhase;
			buildActionMask = 2147483647;
			files = (
				53CDB81A2839A1D1000E817B /* Preview Assets.xcassets in Resources */,
				53CDB8172839A1D1000E817B /* Assets.xcassets in Resources */,
				536EA4CB28457AA000C78F1D /* pizzaData.json in Resources */,
			);
			runOnlyForDeploymentPostprocessing = 0;
		};
/* End PBXResourcesBuildPhase section */

/* Begin PBXSourcesBuildPhase section */
		53CDB80B2839A1BB000E817B /* Sources */ = {
			isa = PBXSourcesBuildPhase;
			buildActionMask = 2147483647;
			files = (
				53CDB842283C50A2000E817B /* MenuView.swift in Sources */,
				536EA4CC28457AA000C78F1D /* Pizza.swift in Sources */,
				53CDB82E283AC7B6000E817B /* ViewRouter.swift in Sources */,
				53CDB83E283C4F75000E817B /* RewardsView.swift in Sources */,
				536EA4CD28457AA000C78F1D /* ModelData.swift in Sources */,
				53179CF62852A8BB0073D475 /* AlertView.swift in Sources */,
				536EA4C528457A5400C78F1D /* CategoryItem.swift in Sources */,
				536EA4C728457A5400C78F1D /* CategoryRow.swift in Sources */,
				536EA4C628457A5400C78F1D /* Home.swift in Sources */,
				5325120428555F6C00FC31C4 /* NoItemsView.swift in Sources */,
				53CDB838283B130D000E817B /* OrderView.swift in Sources */,
				532512082856810E00FC31C4 /* RewardItem.swift in Sources */,
				53CDB81C2839A1D1000E817B /* Persistence.swift in Sources */,
				53CDB83A283B1372000E817B /* DetailView.swift in Sources */,
				53CDB840283C4F8F000E817B /* FavoritesView.swift in Sources */,
				53CDB82A283AC54D000E817B /* MainView.swift in Sources */,
				53917106283EFF2A00413E74 /* TabViewForIntro.swift in Sources */,
				53CDB8262839A353000E817B /* Login.swift in Sources */,
				532512062856728B00FC31C4 /* ProgressView.swift in Sources */,
				53CDB82C283AC5B7000E817B /* Helpers.swift in Sources */,
				53CDB83C283B312C000E817B /* AccountSheet.swift in Sources */,
				53CDB8132839A1BB000E817B /* PizzeriaApp.swift in Sources */,
				530B4C2E2851682800CC5C0F /* ToastMessage.swift in Sources */,
				53CDB831283ADC52000E817B /* Order+CoreDataClass.swift in Sources */,
				53917101283EE07700413E74 /* TabViewRouter.swift in Sources */,
				53CDB832283ADC52000E817B /* Order+CoreDataProperties.swift in Sources */,
				53CDB81F2839A1D1000E817B /* Pizzeria.xcdatamodeld in Sources */,
				532512022855550D00FC31C4 /* FavoriteButton.swift in Sources */,
			);
			runOnlyForDeploymentPostprocessing = 0;
		};
/* End PBXSourcesBuildPhase section */

/* Begin XCBuildConfiguration section */
		53CDB8202839A1D1000E817B /* Debug */ = {
			isa = XCBuildConfiguration;
			buildSettings = {
				ALWAYS_SEARCH_USER_PATHS = NO;
				CLANG_ANALYZER_NONNULL = YES;
				CLANG_ANALYZER_NUMBER_OBJECT_CONVERSION = YES_AGGRESSIVE;
				CLANG_CXX_LANGUAGE_STANDARD = "gnu++17";
				CLANG_ENABLE_MODULES = YES;
				CLANG_ENABLE_OBJC_ARC = YES;
				CLANG_ENABLE_OBJC_WEAK = YES;
				CLANG_WARN_BLOCK_CAPTURE_AUTORELEASING = YES;
				CLANG_WARN_BOOL_CONVERSION = YES;
				CLANG_WARN_COMMA = YES;
				CLANG_WARN_CONSTANT_CONVERSION = YES;
				CLANG_WARN_DEPRECATED_OBJC_IMPLEMENTATIONS = YES;
				CLANG_WARN_DIRECT_OBJC_ISA_USAGE = YES_ERROR;
				CLANG_WARN_DOCUMENTATION_COMMENTS = YES;
				CLANG_WARN_EMPTY_BODY = YES;
				CLANG_WARN_ENUM_CONVERSION = YES;
				CLANG_WARN_INFINITE_RECURSION = YES;
				CLANG_WARN_INT_CONVERSION = YES;
				CLANG_WARN_NON_LITERAL_NULL_CONVERSION = YES;
				CLANG_WARN_OBJC_IMPLICIT_RETAIN_SELF = YES;
				CLANG_WARN_OBJC_LITERAL_CONVERSION = YES;
				CLANG_WARN_OBJC_ROOT_CLASS = YES_ERROR;
				CLANG_WARN_QUOTED_INCLUDE_IN_FRAMEWORK_HEADER = YES;
				CLANG_WARN_RANGE_LOOP_ANALYSIS = YES;
				CLANG_WARN_STRICT_PROTOTYPES = YES;
				CLANG_WARN_SUSPICIOUS_MOVE = YES;
				CLANG_WARN_UNGUARDED_AVAILABILITY = YES_AGGRESSIVE;
				CLANG_WARN_UNREACHABLE_CODE = YES;
				CLANG_WARN__DUPLICATE_METHOD_MATCH = YES;
				COPY_PHASE_STRIP = NO;
				DEBUG_INFORMATION_FORMAT = dwarf;
				ENABLE_STRICT_OBJC_MSGSEND = YES;
				ENABLE_TESTABILITY = YES;
				GCC_C_LANGUAGE_STANDARD = gnu11;
				GCC_DYNAMIC_NO_PIC = NO;
				GCC_NO_COMMON_BLOCKS = YES;
				GCC_OPTIMIZATION_LEVEL = 0;
				GCC_PREPROCESSOR_DEFINITIONS = (
					"DEBUG=1",
					"$(inherited)",
				);
				GCC_WARN_64_TO_32_BIT_CONVERSION = YES;
				GCC_WARN_ABOUT_RETURN_TYPE = YES_ERROR;
				GCC_WARN_UNDECLARED_SELECTOR = YES;
				GCC_WARN_UNINITIALIZED_AUTOS = YES_AGGRESSIVE;
				GCC_WARN_UNUSED_FUNCTION = YES;
				GCC_WARN_UNUSED_VARIABLE = YES;
				IPHONEOS_DEPLOYMENT_TARGET = 15.5;
				MTL_ENABLE_DEBUG_INFO = INCLUDE_SOURCE;
				MTL_FAST_MATH = YES;
				ONLY_ACTIVE_ARCH = YES;
				SDKROOT = iphoneos;
				SWIFT_ACTIVE_COMPILATION_CONDITIONS = DEBUG;
				SWIFT_OPTIMIZATION_LEVEL = "-Onone";
			};
			name = Debug;
		};
		53CDB8212839A1D1000E817B /* Release */ = {
			isa = XCBuildConfiguration;
			buildSettings = {
				ALWAYS_SEARCH_USER_PATHS = NO;
				CLANG_ANALYZER_NONNULL = YES;
				CLANG_ANALYZER_NUMBER_OBJECT_CONVERSION = YES_AGGRESSIVE;
				CLANG_CXX_LANGUAGE_STANDARD = "gnu++17";
				CLANG_ENABLE_MODULES = YES;
				CLANG_ENABLE_OBJC_ARC = YES;
				CLANG_ENABLE_OBJC_WEAK = YES;
				CLANG_WARN_BLOCK_CAPTURE_AUTORELEASING = YES;
				CLANG_WARN_BOOL_CONVERSION = YES;
				CLANG_WARN_COMMA = YES;
				CLANG_WARN_CONSTANT_CONVERSION = YES;
				CLANG_WARN_DEPRECATED_OBJC_IMPLEMENTATIONS = YES;
				CLANG_WARN_DIRECT_OBJC_ISA_USAGE = YES_ERROR;
				CLANG_WARN_DOCUMENTATION_COMMENTS = YES;
				CLANG_WARN_EMPTY_BODY = YES;
				CLANG_WARN_ENUM_CONVERSION = YES;
				CLANG_WARN_INFINITE_RECURSION = YES;
				CLANG_WARN_INT_CONVERSION = YES;
				CLANG_WARN_NON_LITERAL_NULL_CONVERSION = YES;
				CLANG_WARN_OBJC_IMPLICIT_RETAIN_SELF = YES;
				CLANG_WARN_OBJC_LITERAL_CONVERSION = YES;
				CLANG_WARN_OBJC_ROOT_CLASS = YES_ERROR;
				CLANG_WARN_QUOTED_INCLUDE_IN_FRAMEWORK_HEADER = YES;
				CLANG_WARN_RANGE_LOOP_ANALYSIS = YES;
				CLANG_WARN_STRICT_PROTOTYPES = YES;
				CLANG_WARN_SUSPICIOUS_MOVE = YES;
				CLANG_WARN_UNGUARDED_AVAILABILITY = YES_AGGRESSIVE;
				CLANG_WARN_UNREACHABLE_CODE = YES;
				CLANG_WARN__DUPLICATE_METHOD_MATCH = YES;
				COPY_PHASE_STRIP = NO;
				DEBUG_INFORMATION_FORMAT = "dwarf-with-dsym";
				ENABLE_NS_ASSERTIONS = NO;
				ENABLE_STRICT_OBJC_MSGSEND = YES;
				GCC_C_LANGUAGE_STANDARD = gnu11;
				GCC_NO_COMMON_BLOCKS = YES;
				GCC_WARN_64_TO_32_BIT_CONVERSION = YES;
				GCC_WARN_ABOUT_RETURN_TYPE = YES_ERROR;
				GCC_WARN_UNDECLARED_SELECTOR = YES;
				GCC_WARN_UNINITIALIZED_AUTOS = YES_AGGRESSIVE;
				GCC_WARN_UNUSED_FUNCTION = YES;
				GCC_WARN_UNUSED_VARIABLE = YES;
				IPHONEOS_DEPLOYMENT_TARGET = 15.5;
				MTL_ENABLE_DEBUG_INFO = NO;
				MTL_FAST_MATH = YES;
				SDKROOT = iphoneos;
				SWIFT_COMPILATION_MODE = wholemodule;
				SWIFT_OPTIMIZATION_LEVEL = "-O";
				VALIDATE_PRODUCT = YES;
			};
			name = Release;
		};
		53CDB8232839A1D1000E817B /* Debug */ = {
			isa = XCBuildConfiguration;
			buildSettings = {
				ASSETCATALOG_COMPILER_APPICON_NAME = AppIcon;
				ASSETCATALOG_COMPILER_GLOBAL_ACCENT_COLOR_NAME = AccentColor;
				CODE_SIGN_STYLE = Automatic;
				CURRENT_PROJECT_VERSION = 1;
				DEVELOPMENT_ASSET_PATHS = "\"Pizzeria/Preview Content\"";
				DEVELOPMENT_TEAM = D4X57426N4;
				ENABLE_PREVIEWS = YES;
				GENERATE_INFOPLIST_FILE = YES;
				INFOPLIST_FILE = Pizzeria/Info.plist;
				INFOPLIST_KEY_UIApplicationSceneManifest_Generation = YES;
				INFOPLIST_KEY_UIApplicationSupportsIndirectInputEvents = YES;
				INFOPLIST_KEY_UILaunchScreen_Generation = YES;
				INFOPLIST_KEY_UISupportedInterfaceOrientations_iPad = "UIInterfaceOrientationPortrait UIInterfaceOrientationPortraitUpsideDown UIInterfaceOrientationLandscapeLeft UIInterfaceOrientationLandscapeRight";
				INFOPLIST_KEY_UISupportedInterfaceOrientations_iPhone = "UIInterfaceOrientationPortrait UIInterfaceOrientationLandscapeLeft UIInterfaceOrientationLandscapeRight";
				LD_RUNPATH_SEARCH_PATHS = (
					"$(inherited)",
					"@executable_path/Frameworks",
				);
				MARKETING_VERSION = 1.0;
				PRODUCT_BUNDLE_IDENTIFIER = com.venkatsiva.Pizzeria;
				PRODUCT_NAME = "$(TARGET_NAME)";
				SWIFT_EMIT_LOC_STRINGS = YES;
				SWIFT_VERSION = 5.0;
				TARGETED_DEVICE_FAMILY = "1,2";
			};
			name = Debug;
		};
		53CDB8242839A1D1000E817B /* Release */ = {
			isa = XCBuildConfiguration;
			buildSettings = {
				ASSETCATALOG_COMPILER_APPICON_NAME = AppIcon;
				ASSETCATALOG_COMPILER_GLOBAL_ACCENT_COLOR_NAME = AccentColor;
				CODE_SIGN_STYLE = Automatic;
				CURRENT_PROJECT_VERSION = 1;
				DEVELOPMENT_ASSET_PATHS = "\"Pizzeria/Preview Content\"";
				DEVELOPMENT_TEAM = D4X57426N4;
				ENABLE_PREVIEWS = YES;
				GENERATE_INFOPLIST_FILE = YES;
				INFOPLIST_FILE = Pizzeria/Info.plist;
				INFOPLIST_KEY_UIApplicationSceneManifest_Generation = YES;
				INFOPLIST_KEY_UIApplicationSupportsIndirectInputEvents = YES;
				INFOPLIST_KEY_UILaunchScreen_Generation = YES;
				INFOPLIST_KEY_UISupportedInterfaceOrientations_iPad = "UIInterfaceOrientationPortrait UIInterfaceOrientationPortraitUpsideDown UIInterfaceOrientationLandscapeLeft UIInterfaceOrientationLandscapeRight";
				INFOPLIST_KEY_UISupportedInterfaceOrientations_iPhone = "UIInterfaceOrientationPortrait UIInterfaceOrientationLandscapeLeft UIInterfaceOrientationLandscapeRight";
				LD_RUNPATH_SEARCH_PATHS = (
					"$(inherited)",
					"@executable_path/Frameworks",
				);
				MARKETING_VERSION = 1.0;
				PRODUCT_BUNDLE_IDENTIFIER = com.venkatsiva.Pizzeria;
				PRODUCT_NAME = "$(TARGET_NAME)";
				SWIFT_EMIT_LOC_STRINGS = YES;
				SWIFT_VERSION = 5.0;
				TARGETED_DEVICE_FAMILY = "1,2";
			};
			name = Release;
		};
/* End XCBuildConfiguration section */

/* Begin XCConfigurationList section */
		53CDB80A2839A1BA000E817B /* Build configuration list for PBXProject "Pizzeria" */ = {
			isa = XCConfigurationList;
			buildConfigurations = (
				53CDB8202839A1D1000E817B /* Debug */,
				53CDB8212839A1D1000E817B /* Release */,
			);
			defaultConfigurationIsVisible = 0;
			defaultConfigurationName = Release;
		};
		53CDB8222839A1D1000E817B /* Build configuration list for PBXNativeTarget "Pizzeria" */ = {
			isa = XCConfigurationList;
			buildConfigurations = (
				53CDB8232839A1D1000E817B /* Debug */,
				53CDB8242839A1D1000E817B /* Release */,
			);
			defaultConfigurationIsVisible = 0;
			defaultConfigurationName = Release;
		};
/* End XCConfigurationList section */

/* Begin XCVersionGroup section */
		53CDB81D2839A1D1000E817B /* Pizzeria.xcdatamodeld */ = {
			isa = XCVersionGroup;
			children = (
				53CDB81E2839A1D1000E817B /* Pizzeria.xcdatamodel */,
			);
			currentVersion = 53CDB81E2839A1D1000E817B /* Pizzeria.xcdatamodel */;
			path = Pizzeria.xcdatamodeld;
			sourceTree = "<group>";
			versionGroupType = wrapper.xcdatamodel;
		};
/* End XCVersionGroup section */
	};
	rootObject = 53CDB8072839A1BA000E817B /* Project object */;
}
